
Microsoft Visual Studio Solution File, Format Version 12.00
# Visual Studio Version 17
VisualStudioVersion = 17.4.33205.214
MinimumVisualStudioVersion = 10.0.40219.1
Project("{888888A0-9F3D-457C-B088-3A5042F75D52}") = "vadim krivo", "vadim krivo\vadim krivo.pyproj", "{C33DEA7F-38DC-4247-AFD4-7D3E008BA715}"
EndProject
Global
	GlobalSection(SolutionConfigurationPlatforms) = preSolution
		Debug|Any CPU = Debug|Any CPU
		Release|Any CPU = Release|Any CPU
	EndGlobalSection
	GlobalSection(ProjectConfigurationPlatforms) = postSolution
		{C33DEA7F-38DC-4247-AFD4-7D3E008BA715}.Debug|Any CPU.ActiveCfg = Debug|Any CPU
		{C33DEA7F-38DC-4247-AFD4-7D3E008BA715}.Release|Any CPU.ActiveCfg = Release|Any CPU
	EndGlobalSection
	GlobalSection(SolutionProperties) = preSolution
		HideSolutionNode = FALSE
	EndGlobalSection
	GlobalSection(ExtensibilityGlobals) = postSolution
		SolutionGuid = {4C1DDE2E-7A4F-4175-A962-18CECF34BDEA}
	EndGlobalSection
EndGlobal
